
Microsoft Visual Studio Solution File, Format Version 12.00
# Visual Studio 15
VisualStudioVersion = 15.0.28307.1231
MinimumVisualStudioVersion = 10.0.40219.1
Project("{FAE04EC0-301F-11D3-BF4B-00C04F79EFBC}") = "HTTPClient_CSharp_Nunit", "HTTPClient_CSharp_Nunit\HTTPClient_CSharp_Nunit.csproj", "{67F5176D-CD8C-4F38-9B9F-B64E71F6105F}"
EndProject
Global
	GlobalSection(SolutionConfigurationPlatforms) = preSolution
		Debug|Any CPU = Debug|Any CPU
		Release|Any CPU = Release|Any CPU
	EndGlobalSection
	GlobalSection(ProjectConfigurationPlatforms) = postSolution
		{67F5176D-CD8C-4F38-9B9F-B64E71F6105F}.Debug|Any CPU.ActiveCfg = Debug|Any CPU
		{67F5176D-CD8C-4F38-9B9F-B64E71F6105F}.Debug|Any CPU.Build.0 = Debug|Any CPU
		{67F5176D-CD8C-4F38-9B9F-B64E71F6105F}.Release|Any CPU.ActiveCfg = Release|Any CPU
		{67F5176D-CD8C-4F38-9B9F-B64E71F6105F}.Release|Any CPU.Build.0 = Release|Any CPU
	EndGlobalSection
	GlobalSection(SolutionProperties) = preSolution
		HideSolutionNode = FALSE
	EndGlobalSection
	GlobalSection(ExtensibilityGlobals) = postSolution
		SolutionGuid = {52603252-53F2-4046-A255-BED7B9F213ED}
	EndGlobalSection
EndGlobal
